
Microsoft Visual Studio Solution File, Format Version 12.00
# Visual Studio 2012
Project("{FAE04EC0-301F-11D3-BF4B-00C04F79EFBC}") = "Anonymous", "Anonymous\Anonymous.csproj", "{3268B878-3CB1-40E6-96C2-A30EED037CEA}"
EndProject
Global
	GlobalSection(SolutionConfigurationPlatforms) = preSolution
		Debug|Any CPU = Debug|Any CPU
		Release|Any CPU = Release|Any CPU
	EndGlobalSection
	GlobalSection(ProjectConfigurationPlatforms) = postSolution
		{3268B878-3CB1-40E6-96C2-A30EED037CEA}.Debug|Any CPU.ActiveCfg = Debug|Any CPU
		{3268B878-3CB1-40E6-96C2-A30EED037CEA}.Debug|Any CPU.Build.0 = Debug|Any CPU
		{3268B878-3CB1-40E6-96C2-A30EED037CEA}.Release|Any CPU.ActiveCfg = Release|Any CPU
		{3268B878-3CB1-40E6-96C2-A30EED037CEA}.Release|Any CPU.Build.0 = Release|Any CPU
	EndGlobalSection
	GlobalSection(SolutionProperties) = preSolution
		HideSolutionNode = FALSE
	EndGlobalSection
EndGlobal
